
Microsoft Visual Studio Solution File, Format Version 12.00
# Visual Studio Version 17
VisualStudioVersion = 17.7.34202.233
MinimumVisualStudioVersion = 10.0.40219.1
Project("{FAE04EC0-301F-11D3-BF4B-00C04F79EFBC}") = "LISA-GUIClient", "LISA-GUIClient\LISA-GUIClient.csproj", "{8122750E-F845-4A56-A6D6-517A42B4CF51}"
EndProject
Global
	GlobalSection(SolutionConfigurationPlatforms) = preSolution
		Debug|Any CPU = Debug|Any CPU
		Release|Any CPU = Release|Any CPU
	EndGlobalSection
	GlobalSection(ProjectConfigurationPlatforms) = postSolution
		{8122750E-F845-4A56-A6D6-517A42B4CF51}.Debug|Any CPU.ActiveCfg = Debug|Any CPU
		{8122750E-F845-4A56-A6D6-517A42B4CF51}.Debug|Any CPU.Build.0 = Debug|Any CPU
		{8122750E-F845-4A56-A6D6-517A42B4CF51}.Release|Any CPU.ActiveCfg = Release|Any CPU
		{8122750E-F845-4A56-A6D6-517A42B4CF51}.Release|Any CPU.Build.0 = Release|Any CPU
	EndGlobalSection
	GlobalSection(SolutionProperties) = preSolution
		HideSolutionNode = FALSE
	EndGlobalSection
	GlobalSection(ExtensibilityGlobals) = postSolution
		SolutionGuid = {54327D94-396B-4F8D-9E78-7BCD27627DE9}
	EndGlobalSection
EndGlobal
